// !$*UTF8*$!
{
	archiveVersion = 1;
	classes = {
	};
	objectVersion = 55;
	objects = {

/* Begin PBXBuildFile section */
		1002BC2327B84FFB00B20C90 /* BusinessCardApp.swift in Sources */ = {isa = PBXBuildFile; fileRef = 1002BC2227B84FFB00B20C90 /* BusinessCardApp.swift */; };
		1002BC2527B84FFB00B20C90 /* ContentView.swift in Sources */ = {isa = PBXBuildFile; fileRef = 1002BC2427B84FFB00B20C90 /* ContentView.swift */; };
		1002BC2727B84FFD00B20C90 /* Assets.xcassets in Resources */ = {isa = PBXBuildFile; fileRef = 1002BC2627B84FFD00B20C90 /* Assets.xcassets */; };
		1002BC2A27B84FFD00B20C90 /* Preview Assets.xcassets in Resources */ = {isa = PBXBuildFile; fileRef = 1002BC2927B84FFD00B20C90 /* Preview Assets.xcassets */; };
		101CBB2427C100350089853C /* GreatVibes-Regular.ttf in Resources */ = {isa = PBXBuildFile; fileRef = 101CBB2327C100350089853C /* GreatVibes-Regular.ttf */; };
		101CBB2627C100400089853C /* Ultra-Regular.ttf in Resources */ = {isa = PBXBuildFile; fileRef = 101CBB2527C100400089853C /* Ultra-Regular.ttf */; };
		106E1B0F27C2B29F00369218 /* InfoView.swift in Sources */ = {isa = PBXBuildFile; fileRef = 106E1B0E27C2B29F00369218 /* InfoView.swift */; };
		106E1B1127C2E61F00369218 /* README.md in Resources */ = {isa = PBXBuildFile; fileRef = 106E1B1027C2E61F00369218 /* README.md */; };
		107E0AAF27BFE47100E43235 /* Pacifico-Regular.ttf in Resources */ = {isa = PBXBuildFile; fileRef = 107E0AAE27BFE47100E43235 /* Pacifico-Regular.ttf */; };
		107E0AB227C0EB8400E43235 /* ShadowsIntoLight-Regular.ttf in Resources */ = {isa = PBXBuildFile; fileRef = 107E0AB127C0EB8400E43235 /* ShadowsIntoLight-Regular.ttf */; };
		107E0AB427C0EB9200E43235 /* Carattere-Regular.ttf in Resources */ = {isa = PBXBuildFile; fileRef = 107E0AB327C0EB9200E43235 /* Carattere-Regular.ttf */; };
		107E0AB627C0EB9E00E43235 /* ComforterBrush-Regular.ttf in Resources */ = {isa = PBXBuildFile; fileRef = 107E0AB527C0EB9E00E43235 /* ComforterBrush-Regular.ttf */; };
		107E0AB827C0EBAA00E43235 /* ImperialScript-Regular.ttf in Resources */ = {isa = PBXBuildFile; fileRef = 107E0AB727C0EBAA00E43235 /* ImperialScript-Regular.ttf */; };
		107E0ABA27C0EBB600E43235 /* PinyonScript-Regular.ttf in Resources */ = {isa = PBXBuildFile; fileRef = 107E0AB927C0EBB600E43235 /* PinyonScript-Regular.ttf */; };
		107E0ABC27C0EBC000E43235 /* MeaCulpa-Regular.ttf in Resources */ = {isa = PBXBuildFile; fileRef = 107E0ABB27C0EBC000E43235 /* MeaCulpa-Regular.ttf */; };
/* End PBXBuildFile section */

/* Begin PBXFileReference section */
		1002BC1F27B84FFB00B20C90 /* BusinessCard.app */ = {isa = PBXFileReference; explicitFileType = wrapper.application; includeInIndex = 0; path = BusinessCard.app; sourceTree = BUILT_PRODUCTS_DIR; };
		1002BC2227B84FFB00B20C90 /* BusinessCardApp.swift */ = {isa = PBXFileReference; lastKnownFileType = sourcecode.swift; path = BusinessCardApp.swift; sourceTree = "<group>"; };
		1002BC2427B84FFB00B20C90 /* ContentView.swift */ = {isa = PBXFileReference; lastKnownFileType = sourcecode.swift; path = ContentView.swift; sourceTree = "<group>"; };
		1002BC2627B84FFD00B20C90 /* Assets.xcassets */ = {isa = PBXFileReference; lastKnownFileType = folder.assetcatalog; path = Assets.xcassets; sourceTree = "<group>"; };
		1002BC2927B84FFD00B20C90 /* Preview Assets.xcassets */ = {isa = PBXFileReference; lastKnownFileType = folder.assetcatalog; path = "Preview Assets.xcassets"; sourceTree = "<group>"; };
		101CBB2327C100350089853C /* GreatVibes-Regular.ttf */ = {isa = PBXFileReference; lastKnownFileType = file; path = "GreatVibes-Regular.ttf"; sourceTree = "<group>"; };
		101CBB2527C100400089853C /* Ultra-Regular.ttf */ = {isa = PBXFileReference; lastKnownFileType = file; path = "Ultra-Regular.ttf"; sourceTree = "<group>"; };
		106E1B0E27C2B29F00369218 /* InfoView.swift */ = {isa = PBXFileReference; lastKnownFileType = sourcecode.swift; path = InfoView.swift; sourceTree = "<group>"; };
		106E1B1027C2E61F00369218 /* README.md */ = {isa = PBXFileReference; lastKnownFileType = net.daringfireball.markdown; path = README.md; sourceTree = "<group>"; };
		107E0AAE27BFE47100E43235 /* Pacifico-Regular.ttf */ = {isa = PBXFileReference; lastKnownFileType = file; path = "Pacifico-Regular.ttf"; sourceTree = "<group>"; };
		107E0AB027BFE5D700E43235 /* Info.plist */ = {isa = PBXFileReference; lastKnownFileType = text.plist; path = Info.plist; sourceTree = "<group>"; };
		107E0AB127C0EB8400E43235 /* ShadowsIntoLight-Regular.ttf */ = {isa = PBXFileReference; lastKnownFileType = file; path = "ShadowsIntoLight-Regular.ttf"; sourceTree = "<group>"; };
		107E0AB327C0EB9200E43235 /* Carattere-Regular.ttf */ = {isa = PBXFileReference; lastKnownFileType = file; path = "Carattere-Regular.ttf"; sourceTree = "<group>"; };
		107E0AB527C0EB9E00E43235 /* ComforterBrush-Regular.ttf */ = {isa = PBXFileReference; lastKnownFileType = file; path = "ComforterBrush-Regular.ttf"; sourceTree = "<group>"; };
		107E0AB727C0EBAA00E43235 /* ImperialScript-Regular.ttf */ = {isa = PBXFileReference; lastKnownFileType = file; path = "ImperialScript-Regular.ttf"; sourceTree = "<group>"; };
		107E0AB927C0EBB600E43235 /* PinyonScript-Regular.ttf */ = {isa = PBXFileReference; lastKnownFileType = file; path = "PinyonScript-Regular.ttf"; sourceTree = "<group>"; };
		107E0ABB27C0EBC000E43235 /* MeaCulpa-Regular.ttf */ = {isa = PBXFileReference; lastKnownFileType = file; path = "MeaCulpa-Regular.ttf"; sourceTree = "<group>"; };
/* End PBXFileReference section */

/* Begin PBXFrameworksBuildPhase section */
		1002BC1C27B84FFB00B20C90 /* Frameworks */ = {
			isa = PBXFrameworksBuildPhase;
			buildActionMask = 2147483647;
			files = (
			);
			runOnlyForDeploymentPostprocessing = 0;
		};
/* End PBXFrameworksBuildPhase section */

/* Begin PBXGroup section */
		1002BC1627B84FFB00B20C90 = {
			isa = PBXGroup;
			children = (
				1002BC2127B84FFB00B20C90 /* BusinessCard */,
				1002BC2027B84FFB00B20C90 /* Products */,
			);
			sourceTree = "<group>";
		};
		1002BC2027B84FFB00B20C90 /* Products */ = {
			isa = PBXGroup;
			children = (
				1002BC1F27B84FFB00B20C90 /* BusinessCard.app */,
			);
			name = Products;
			sourceTree = "<group>";
		};
		1002BC2127B84FFB00B20C90 /* BusinessCard */ = {
			isa = PBXGroup;
			children = (
				107E0AB027BFE5D700E43235 /* Info.plist */,
				107E0AAD27BFE42700E43235 /* fonts */,
				1002BC2227B84FFB00B20C90 /* BusinessCardApp.swift */,
				1002BC2427B84FFB00B20C90 /* ContentView.swift */,
				106E1B0E27C2B29F00369218 /* InfoView.swift */,
				1002BC2627B84FFD00B20C90 /* Assets.xcassets */,
				1002BC2827B84FFD00B20C90 /* Preview Content */,
				106E1B1027C2E61F00369218 /* README.md */,
			);
			path = BusinessCard;
			sourceTree = "<group>";
		};
		1002BC2827B84FFD00B20C90 /* Preview Content */ = {
			isa = PBXGroup;
			children = (
				1002BC2927B84FFD00B20C90 /* Preview Assets.xcassets */,
			);
			path = "Preview Content";
			sourceTree = "<group>";
		};
		107E0AAD27BFE42700E43235 /* fonts */ = {
			isa = PBXGroup;
			children = (
				101CBB2527C100400089853C /* Ultra-Regular.ttf */,
				101CBB2327C100350089853C /* GreatVibes-Regular.ttf */,
				107E0ABB27C0EBC000E43235 /* MeaCulpa-Regular.ttf */,
				107E0AB927C0EBB600E43235 /* PinyonScript-Regular.ttf */,
				107E0AB727C0EBAA00E43235 /* ImperialScript-Regular.ttf */,
				107E0AB527C0EB9E00E43235 /* ComforterBrush-Regular.ttf */,
				107E0AB327C0EB9200E43235 /* Carattere-Regular.ttf */,
				107E0AB127C0EB8400E43235 /* ShadowsIntoLight-Regular.ttf */,
				107E0AAE27BFE47100E43235 /* Pacifico-Regular.ttf */,
			);
			path = fonts;
			sourceTree = "<group>";
		};
/* End PBXGroup section */

/* Begin PBXNativeTarget section */
		1002BC1E27B84FFB00B20C90 /* BusinessCard */ = {
			isa = PBXNativeTarget;
			buildConfigurationList = 1002BC2D27B84FFD00B20C90 /* Build configuration list for PBXNativeTarget "BusinessCard" */;
			buildPhases = (
				1002BC1B27B84FFB00B20C90 /* Sources */,
				1002BC1C27B84FFB00B20C90 /* Frameworks */,
				1002BC1D27B84FFB00B20C90 /* Resources */,
			);
			buildRules = (
			);
			dependencies = (
			);
			name = BusinessCard;
			productName = BusinessCard;
			productReference = 1002BC1F27B84FFB00B20C90 /* BusinessCard.app */;
			productType = "com.apple.product-type.application";
		};
/* End PBXNativeTarget section */

/* Begin PBXProject section */
		1002BC1727B84FFB00B20C90 /* Project object */ = {
			isa = PBXProject;
			attributes = {
				BuildIndependentTargetsInParallel = 1;
				LastSwiftUpdateCheck = 1320;
				LastUpgradeCheck = 1320;
				TargetAttributes = {
					1002BC1E27B84FFB00B20C90 = {
						CreatedOnToolsVersion = 13.2.1;
					};
				};
			};
			buildConfigurationList = 1002BC1A27B84FFB00B20C90 /* Build configuration list for PBXProject "BusinessCard" */;
			compatibilityVersion = "Xcode 13.0";
			developmentRegion = en;
			hasScannedForEncodings = 0;
			knownRegions = (
				en,
				Base,
			);
			mainGroup = 1002BC1627B84FFB00B20C90;
			productRefGroup = 1002BC2027B84FFB00B20C90 /* Products */;
			projectDirPath = "";
			projectRoot = "";
			targets = (
				1002BC1E27B84FFB00B20C90 /* BusinessCard */,
			);
		};
/* End PBXProject section */

/* Begin PBXResourcesBuildPhase section */
		1002BC1D27B84FFB00B20C90 /* Resources */ = {
			isa = PBXResourcesBuildPhase;
			buildActionMask = 2147483647;
			files = (
				107E0AAF27BFE47100E43235 /* Pacifico-Regular.ttf in Resources */,
				1002BC2A27B84FFD00B20C90 /* Preview Assets.xcassets in Resources */,
				107E0AB227C0EB8400E43235 /* ShadowsIntoLight-Regular.ttf in Resources */,
				101CBB2427C100350089853C /* GreatVibes-Regular.ttf in Resources */,
				101CBB2627C100400089853C /* Ultra-Regular.ttf in Resources */,
				1002BC2727B84FFD00B20C90 /* Assets.xcassets in Resources */,
				106E1B1127C2E61F00369218 /* README.md in Resources */,
				107E0AB627C0EB9E00E43235 /* ComforterBrush-Regular.ttf in Resources */,
				107E0ABA27C0EBB600E43235 /* PinyonScript-Regular.ttf in Resources */,
				107E0ABC27C0EBC000E43235 /* MeaCulpa-Regular.ttf in Resources */,
				107E0AB427C0EB9200E43235 /* Carattere-Regular.ttf in Resources */,
				107E0AB827C0EBAA00E43235 /* ImperialScript-Regular.ttf in Resources */,
			);
			runOnlyForDeploymentPostprocessing = 0;
		};
/* End PBXResourcesBuildPhase section */

/* Begin PBXSourcesBuildPhase section */
		1002BC1B27B84FFB00B20C90 /* Sources */ = {
			isa = PBXSourcesBuildPhase;
			buildActionMask = 2147483647;
			files = (
				1002BC2527B84FFB00B20C90 /* ContentView.swift in Sources */,
				106E1B0F27C2B29F00369218 /* InfoView.swift in Sources */,
				1002BC2327B84FFB00B20C90 /* BusinessCardApp.swift in Sources */,
			);
			runOnlyForDeploymentPostprocessing = 0;
		};
/* End PBXSourcesBuildPhase section */

/* Begin XCBuildConfiguration section */
		1002BC2B27B84FFD00B20C90 /* Debug */ = {
			isa = XCBuildConfiguration;
			buildSettings = {
				ALWAYS_SEARCH_USER_PATHS = NO;
				CLANG_ANALYZER_NONNULL = YES;
				CLANG_ANALYZER_NUMBER_OBJECT_CONVERSION = YES_AGGRESSIVE;
				CLANG_CXX_LANGUAGE_STANDARD = "gnu++17";
				CLANG_CXX_LIBRARY = "libc++";
				CLANG_ENABLE_MODULES = YES;
				CLANG_ENABLE_OBJC_ARC = YES;
				CLANG_ENABLE_OBJC_WEAK = YES;
				CLANG_WARN_BLOCK_CAPTURE_AUTORELEASING = YES;
				CLANG_WARN_BOOL_CONVERSION = YES;
				CLANG_WARN_COMMA = YES;
				CLANG_WARN_CONSTANT_CONVERSION = YES;
				CLANG_WARN_DEPRECATED_OBJC_IMPLEMENTATIONS = YES;
				CLANG_WARN_DIRECT_OBJC_ISA_USAGE = YES_ERROR;
				CLANG_WARN_DOCUMENTATION_COMMENTS = YES;
				CLANG_WARN_EMPTY_BODY = YES;
				CLANG_WARN_ENUM_CONVERSION = YES;
				CLANG_WARN_INFINITE_RECURSION = YES;
				CLANG_WARN_INT_CONVERSION = YES;
				CLANG_WARN_NON_LITERAL_NULL_CONVERSION = YES;
				CLANG_WARN_OBJC_IMPLICIT_RETAIN_SELF = YES;
				CLANG_WARN_OBJC_LITERAL_CONVERSION = YES;
				CLANG_WARN_OBJC_ROOT_CLASS = YES_ERROR;
				CLANG_WARN_QUOTED_INCLUDE_IN_FRAMEWORK_HEADER = YES;
				CLANG_WARN_RANGE_LOOP_ANALYSIS = YES;
				CLANG_WARN_STRICT_PROTOTYPES = YES;
				CLANG_WARN_SUSPICIOUS_MOVE = YES;
				CLANG_WARN_UNGUARDED_AVAILABILITY = YES_AGGRESSIVE;
				CLANG_WARN_UNREACHABLE_CODE = YES;
				CLANG_WARN__DUPLICATE_METHOD_MATCH = YES;
				COPY_PHASE_STRIP = NO;
				DEBUG_INFORMATION_FORMAT = dwarf;
				ENABLE_STRICT_OBJC_MSGSEND = YES;
				ENABLE_TESTABILITY = YES;
				GCC_C_LANGUAGE_STANDARD = gnu11;
				GCC_DYNAMIC_NO_PIC = NO;
				GCC_NO_COMMON_BLOCKS = YES;
				GCC_OPTIMIZATION_LEVEL = 0;
				GCC_PREPROCESSOR_DEFINITIONS = (
					"DEBUG=1",
					"$(inherited)",
				);
				GCC_WARN_64_TO_32_BIT_CONVERSION = YES;
				GCC_WARN_ABOUT_RETURN_TYPE = YES_ERROR;
				GCC_WARN_UNDECLARED_SELECTOR = YES;
				GCC_WARN_UNINITIALIZED_AUTOS = YES_AGGRESSIVE;
				GCC_WARN_UNUSED_FUNCTION = YES;
				GCC_WARN_UNUSED_VARIABLE = YES;
				IPHONEOS_DEPLOYMENT_TARGET = 15.2;
				MTL_ENABLE_DEBUG_INFO = INCLUDE_SOURCE;
				MTL_FAST_MATH = YES;
				ONLY_ACTIVE_ARCH = YES;
				SDKROOT = iphoneos;
				SWIFT_ACTIVE_COMPILATION_CONDITIONS = DEBUG;
				SWIFT_OPTIMIZATION_LEVEL = "-Onone";
			};
			name = Debug;
		};
		1002BC2C27B84FFD00B20C90 /* Release */ = {
			isa = XCBuildConfiguration;
			buildSettings = {
				ALWAYS_SEARCH_USER_PATHS = NO;
				CLANG_ANALYZER_NONNULL = YES;
				CLANG_ANALYZER_NUMBER_OBJECT_CONVERSION = YES_AGGRESSIVE;
				CLANG_CXX_LANGUAGE_STANDARD = "gnu++17";
				CLANG_CXX_LIBRARY = "libc++";
				CLANG_ENABLE_MODULES = YES;
				CLANG_ENABLE_OBJC_ARC = YES;
				CLANG_ENABLE_OBJC_WEAK = YES;
				CLANG_WARN_BLOCK_CAPTURE_AUTORELEASING = YES;
				CLANG_WARN_BOOL_CONVERSION = YES;
				CLANG_WARN_COMMA = YES;
				CLANG_WARN_CONSTANT_CONVERSION = YES;
				CLANG_WARN_DEPRECATED_OBJC_IMPLEMENTATIONS = YES;
				CLANG_WARN_DIRECT_OBJC_ISA_USAGE = YES_ERROR;
				CLANG_WARN_DOCUMENTATION_COMMENTS = YES;
				CLANG_WARN_EMPTY_BODY = YES;
				CLANG_WARN_ENUM_CONVERSION = YES;
				CLANG_WARN_INFINITE_RECURSION = YES;
				CLANG_WARN_INT_CONVERSION = YES;
				CLANG_WARN_NON_LITERAL_NULL_CONVERSION = YES;
				CLANG_WARN_OBJC_IMPLICIT_RETAIN_SELF = YES;
				CLANG_WARN_OBJC_LITERAL_CONVERSION = YES;
				CLANG_WARN_OBJC_ROOT_CLASS = YES_ERROR;
				CLANG_WARN_QUOTED_INCLUDE_IN_FRAMEWORK_HEADER = YES;
				CLANG_WARN_RANGE_LOOP_ANALYSIS = YES;
				CLANG_WARN_STRICT_PROTOTYPES = YES;
				CLANG_WARN_SUSPICIOUS_MOVE = YES;
				CLANG_WARN_UNGUARDED_AVAILABILITY = YES_AGGRESSIVE;
				CLANG_WARN_UNREACHABLE_CODE = YES;
				CLANG_WARN__DUPLICATE_METHOD_MATCH = YES;
				COPY_PHASE_STRIP = NO;
				DEBUG_INFORMATION_FORMAT = "dwarf-with-dsym";
				ENABLE_NS_ASSERTIONS = NO;
				ENABLE_STRICT_OBJC_MSGSEND = YES;
				GCC_C_LANGUAGE_STANDARD = gnu11;
				GCC_NO_COMMON_BLOCKS = YES;
				GCC_WARN_64_TO_32_BIT_CONVERSION = YES;
				GCC_WARN_ABOUT_RETURN_TYPE = YES_ERROR;
				GCC_WARN_UNDECLARED_SELECTOR = YES;
				GCC_WARN_UNINITIALIZED_AUTOS = YES_AGGRESSIVE;
				GCC_WARN_UNUSED_FUNCTION = YES;
				GCC_WARN_UNUSED_VARIABLE = YES;
				IPHONEOS_DEPLOYMENT_TARGET = 15.2;
				MTL_ENABLE_DEBUG_INFO = NO;
				MTL_FAST_MATH = YES;
				SDKROOT = iphoneos;
				SWIFT_COMPILATION_MODE = wholemodule;
				SWIFT_OPTIMIZATION_LEVEL = "-O";
				VALIDATE_PRODUCT = YES;
			};
			name = Release;
		};
		1002BC2E27B84FFD00B20C90 /* Debug */ = {
			isa = XCBuildConfiguration;
			buildSettings = {
				ASSETCATALOG_COMPILER_APPICON_NAME = AppIcon;
				ASSETCATALOG_COMPILER_GLOBAL_ACCENT_COLOR_NAME = AccentColor;
				CODE_SIGN_STYLE = Automatic;
				CURRENT_PROJECT_VERSION = 1;
				DEVELOPMENT_ASSET_PATHS = "\"BusinessCard/Preview Content\"";
				DEVELOPMENT_TEAM = 7UN659N8U4;
				ENABLE_PREVIEWS = YES;
				GENERATE_INFOPLIST_FILE = YES;
				INFOPLIST_FILE = BusinessCard/Info.plist;
				INFOPLIST_KEY_UIApplicationSceneManifest_Generation = YES;
				INFOPLIST_KEY_UIApplicationSupportsIndirectInputEvents = YES;
				INFOPLIST_KEY_UILaunchScreen_Generation = YES;
				INFOPLIST_KEY_UISupportedInterfaceOrientations_iPad = "UIInterfaceOrientationPortrait UIInterfaceOrientationPortraitUpsideDown UIInterfaceOrientationLandscapeLeft UIInterfaceOrientationLandscapeRight";
				INFOPLIST_KEY_UISupportedInterfaceOrientations_iPhone = "UIInterfaceOrientationPortrait UIInterfaceOrientationLandscapeLeft UIInterfaceOrientationLandscapeRight";
				LD_RUNPATH_SEARCH_PATHS = (
					"$(inherited)",
					"@executable_path/Frameworks",
				);
				MARKETING_VERSION = 1.0;
				PRODUCT_BUNDLE_IDENTIFIER = com.raitech.bup.BusinessCard;
				PRODUCT_NAME = "$(TARGET_NAME)";
				SWIFT_EMIT_LOC_STRINGS = YES;
				SWIFT_VERSION = 5.0;
				TARGETED_DEVICE_FAMILY = "1,2";
			};
			name = Debug;
		};
		1002BC2F27B84FFD00B20C90 /* Release */ = {
			isa = XCBuildConfiguration;
			buildSettings = {
				ASSETCATALOG_COMPILER_APPICON_NAME = AppIcon;
				ASSETCATALOG_COMPILER_GLOBAL_ACCENT_COLOR_NAME = AccentColor;
				CODE_SIGN_STYLE = Automatic;
				CURRENT_PROJECT_VERSION = 1;
				DEVELOPMENT_ASSET_PATHS = "\"BusinessCard/Preview Content\"";
				DEVELOPMENT_TEAM = 7UN659N8U4;
				ENABLE_PREVIEWS = YES;
				GENERATE_INFOPLIST_FILE = YES;
				INFOPLIST_FILE = BusinessCard/Info.plist;
				INFOPLIST_KEY_UIApplicationSceneManifest_Generation = YES;
				INFOPLIST_KEY_UIApplicationSupportsIndirectInputEvents = YES;
				INFOPLIST_KEY_UILaunchScreen_Generation = YES;
				INFOPLIST_KEY_UISupportedInterfaceOrientations_iPad = "UIInterfaceOrientationPortrait UIInterfaceOrientationPortraitUpsideDown UIInterfaceOrientationLandscapeLeft UIInterfaceOrientationLandscapeRight";
				INFOPLIST_KEY_UISupportedInterfaceOrientations_iPhone = "UIInterfaceOrientationPortrait UIInterfaceOrientationLandscapeLeft UIInterfaceOrientationLandscapeRight";
				LD_RUNPATH_SEARCH_PATHS = (
					"$(inherited)",
					"@executable_path/Frameworks",
				);
				MARKETING_VERSION = 1.0;
				PRODUCT_BUNDLE_IDENTIFIER = com.raitech.bup.BusinessCard;
				PRODUCT_NAME = "$(TARGET_NAME)";
				SWIFT_EMIT_LOC_STRINGS = YES;
				SWIFT_VERSION = 5.0;
				TARGETED_DEVICE_FAMILY = "1,2";
			};
			name = Release;
		};
/* End XCBuildConfiguration section */

/* Begin XCConfigurationList section */
		1002BC1A27B84FFB00B20C90 /* Build configuration list for PBXProject "BusinessCard" */ = {
			isa = XCConfigurationList;
			buildConfigurations = (
				1002BC2B27B84FFD00B20C90 /* Debug */,
				1002BC2C27B84FFD00B20C90 /* Release */,
			);
			defaultConfigurationIsVisible = 0;
			defaultConfigurationName = Release;
		};
		1002BC2D27B84FFD00B20C90 /* Build configuration list for PBXNativeTarget "BusinessCard" */ = {
			isa = XCConfigurationList;
			buildConfigurations = (
				1002BC2E27B84FFD00B20C90 /* Debug */,
				1002BC2F27B84FFD00B20C90 /* Release */,
			);
			defaultConfigurationIsVisible = 0;
			defaultConfigurationName = Release;
		};
/* End XCConfigurationList section */
	};
	rootObject = 1002BC1727B84FFB00B20C90 /* Project object */;
}
